
Microsoft Visual Studio Solution File, Format Version 12.00
# Visual Studio Version 17
VisualStudioVersion = 17.1.32210.238
MinimumVisualStudioVersion = 10.0.40219.1
Project("{FAE04EC0-301F-11D3-BF4B-00C04F79EFBC}") = "Dz", "Dz\Dz.csproj", "{84D4D313-B4EB-4322-9295-CC46D91C5D5A}"
EndProject
Global
	GlobalSection(SolutionConfigurationPlatforms) = preSolution
		Debug|Any CPU = Debug|Any CPU
		Release|Any CPU = Release|Any CPU
	EndGlobalSection
	GlobalSection(ProjectConfigurationPlatforms) = postSolution
		{84D4D313-B4EB-4322-9295-CC46D91C5D5A}.Debug|Any CPU.ActiveCfg = Debug|Any CPU
		{84D4D313-B4EB-4322-9295-CC46D91C5D5A}.Debug|Any CPU.Build.0 = Debug|Any CPU
		{84D4D313-B4EB-4322-9295-CC46D91C5D5A}.Release|Any CPU.ActiveCfg = Release|Any CPU
		{84D4D313-B4EB-4322-9295-CC46D91C5D5A}.Release|Any CPU.Build.0 = Release|Any CPU
	EndGlobalSection
	GlobalSection(SolutionProperties) = preSolution
		HideSolutionNode = FALSE
	EndGlobalSection
	GlobalSection(ExtensibilityGlobals) = postSolution
		SolutionGuid = {585EECC4-9F9D-43A7-8533-F8C20586C036}
	EndGlobalSection
EndGlobal
